
Microsoft Visual Studio Solution File, Format Version 12.00
# Visual Studio Version 17
VisualStudioVersion = 17.8.34330.188
MinimumVisualStudioVersion = 10.0.40219.1
Project("{FAE04EC0-301F-11D3-BF4B-00C04F79EFBC}") = "Lab2_Petrenko_bot", "Lab2_Petrenko_bot.csproj", "{C52C3610-EA91-44F1-9D09-74ECEE372B85}"
EndProject
Global
	GlobalSection(SolutionConfigurationPlatforms) = preSolution
		Debug|Any CPU = Debug|Any CPU
		Release|Any CPU = Release|Any CPU
	EndGlobalSection
	GlobalSection(ProjectConfigurationPlatforms) = postSolution
		{C52C3610-EA91-44F1-9D09-74ECEE372B85}.Debug|Any CPU.ActiveCfg = Debug|Any CPU
		{C52C3610-EA91-44F1-9D09-74ECEE372B85}.Debug|Any CPU.Build.0 = Debug|Any CPU
		{C52C3610-EA91-44F1-9D09-74ECEE372B85}.Release|Any CPU.ActiveCfg = Release|Any CPU
		{C52C3610-EA91-44F1-9D09-74ECEE372B85}.Release|Any CPU.Build.0 = Release|Any CPU
	EndGlobalSection
	GlobalSection(SolutionProperties) = preSolution
		HideSolutionNode = FALSE
	EndGlobalSection
	GlobalSection(ExtensibilityGlobals) = postSolution
		SolutionGuid = {36AE2069-046F-4A6D-84A0-2D379B43397E}
	EndGlobalSection
EndGlobal
